<?xml version="1.0" encoding="utf-8"?>
<Project ToolsVersion="4.0" xmlns="http://schemas.microsoft.com/developer/msbuild/2003">
  <ItemGroup>
	  <Filter Include="Source Files">
		  <UniqueIdentifier>{4FC737F1-C7A5-4376-A066-2A32D752A2FF}</UniqueIdentifier>
		  <Extensions>cpp;c;cc;cxx;c++;cppm;ixx;def;odl;idl;hpj;bat;asm;asmx</Extensions>
	  </Filter>
	  <Filter Include="Header Files">
		  <UniqueIdentifier>{93995380-89BD-4b04-88EB-625FBE52EBFB}</UniqueIdentifier>
		  <Extensions>h;hh;hpp;hxx;h++;hm;inl;inc;ipp;xsd</Extensions>
	  </Filter>
	  <Filter Include="Resource Files">
		  <UniqueIdentifier>{67DA6AB6-F800-4c08-8B7A-83BB121AAD01}</UniqueIdentifier>
		  <Extensions>rc;ico;cur;bmp;dlg;rc2;rct;bin;rgs;gif;jpg;jpeg;jpe;resx;tiff;tif;png;wav;mfcribbon-ms</Extensions>
	  </Filter>
  </ItemGroup>
  <ItemGroup>
    <ClCompile Include="main.cpp">
      <Filter>Source Files</Filter>
    </ClCompile>
    <ClCompile Include="frmAsistente.cpp">
      <Filter>Header Files</Filter>
    </ClCompile>
    <ClCompile Include="frmChef.cpp">
      <Filter>Header Files</Filter>
    </ClCompile>
    <ClCompile Include="frmGerenteGestionarProductos.cpp">
      <Filter>Header Files</Filter>
    </ClCompile>
    <ClCompile Include="frmComensalPedidoGenerado.cpp">
      <Filter>Header Files</Filter>
    </ClCompile>
    <ClCompile Include="frmGerente.cpp">
      <Filter>Header Files</Filter>
    </ClCompile>
    <ClCompile Include="frmComensalGenerarPedido.cpp">
      <Filter>Header Files</Filter>
    </ClCompile>
    <ClCompile Include="frmComensalAsistenciaSolicitada.cpp">
      <Filter>Header Files</Filter>
    </ClCompile>
    <ClCompile Include="frmComensalSolicitarAtencion.cpp">
      <Filter>Header Files</Filter>
    </ClCompile>
    <ClCompile Include="frmComensal.cpp">
      <Filter>Header Files</Filter>
    </ClCompile>
    <ClCompile Include="frmComensalPedidoVacio.cpp">
      <Filter>Header Files</Filter>
    </ClCompile>
    <ClCompile Include="frmPrincipal.cpp">
      <Filter>Header Files</Filter>
    </ClCompile>
    <ClCompile Include="frmPersonal.cpp">
      <Filter>Source Files</Filter>
    </ClCompile>
    <ClCompile Include="frmComensalConfirmacionCuenta.cpp">
      <Filter>Header Files</Filter>
    </ClCompile>
    <ClCompile Include="frmGerenteGestionarPersonal.cpp">
      <Filter>Header Files</Filter>
    </ClCompile>
    <ClCompile Include="frmGerenteAgregarEmpleado.cpp">
      <Filter>Header Files</Filter>
    </ClCompile>
    <ClCompile Include="frmGerenteEditarEmpleado.cpp">
      <Filter>Header Files</Filter>
    </ClCompile>
  </ItemGroup>
  <ItemGroup>
    <ClInclude Include="frmAsistente.h">
      <Filter>Header Files</Filter>
    </ClInclude>
    <ClInclude Include="frmChef.h">
      <Filter>Header Files</Filter>
    </ClInclude>
    <ClInclude Include="frmGerenteGestionarProductos.h">
      <Filter>Header Files</Filter>
    </ClInclude>
    <ClInclude Include="frmComensalPedidoGenerado.h">
      <Filter>Header Files</Filter>
    </ClInclude>
    <ClInclude Include="frmGerente.h">
      <Filter>Header Files</Filter>
    </ClInclude>
    <ClInclude Include="frmComensalGenerarPedido.h">
      <Filter>Header Files</Filter>
    </ClInclude>
    <ClInclude Include="frmComensalAsistenciaSolicitada.h">
      <Filter>Header Files</Filter>
    </ClInclude>
    <ClInclude Include="frmComensalSolicitarAtencion.h">
      <Filter>Header Files</Filter>
    </ClInclude>
    <ClInclude Include="frmComensal.h">
      <Filter>Header Files</Filter>
    </ClInclude>
    <ClInclude Include="frmComensalPedidoVacio.h">
      <Filter>Header Files</Filter>
    </ClInclude>
    <ClInclude Include="frmPrincipal.h">
      <Filter>Header Files</Filter>
    </ClInclude>
    <ClInclude Include="frmPersonal.h">
    <ClInclude Include="frmComensalConfirmacionCuenta.h">
      <Filter>Header Files</Filter>
    </ClInclude>
    <ClInclude Include="frmGerenteGestionarPersonal.h">
      <Filter>Header Files</Filter>
    </ClInclude>
    <ClInclude Include="frmGerenteAgregarEmpleado.h">
      <Filter>Header Files</Filter>
    </ClInclude>
    <ClInclude Include="frmGerenteEditarEmpleado.h">
      <Filter>Header Files</Filter>
    </ClInclude>
  </ItemGroup>
</Project>