<?xml version="1.0" encoding="utf-8"?>
<Project ToolsVersion="4.0" xmlns="http://schemas.microsoft.com/developer/msbuild/2003">
  <ItemGroup>
    <Filter Include="Source Files">
      <UniqueIdentifier>{4FC737F1-C7A5-4376-A066-2A32D752A2FF}</UniqueIdentifier>
      <Extensions>cpp;c;cc;cxx;c++;cppm;ixx;def;odl;idl;hpj;bat;asm;asmx</Extensions>
    </Filter>
    <Filter Include="Header Files">
      <UniqueIdentifier>{93995380-89BD-4b04-88EB-625FBE52EBFB}</UniqueIdentifier>
      <Extensions>h;hh;hpp;hxx;h++;hm;inl;inc;ipp;xsd</Extensions>
    </Filter>
    <Filter Include="Resource Files">
      <UniqueIdentifier>{67DA6AB6-F800-4c08-8B7A-83BB121AAD01}</UniqueIdentifier>
      <Extensions>rc;ico;cur;bmp;dlg;rc2;rct;bin;rgs;gif;jpg;jpeg;jpe;resx;tiff;tif;png;wav;mfcribbon-ms</Extensions>
    </Filter>
  </ItemGroup>
  <ItemGroup>
    <ClCompile Include="Asistente.cpp">
      <Filter>Source Files</Filter>
    </ClCompile>
    <ClCompile Include="Bebida.cpp">
      <Filter>Source Files</Filter>
    </ClCompile>
    <ClCompile Include="Chef.cpp">
      <Filter>Source Files</Filter>
    </ClCompile>
    <ClCompile Include="Comensal.cpp">
      <Filter>Source Files</Filter>
    </ClCompile>
    <ClCompile Include="Gerente.cpp">
      <Filter>Source Files</Filter>
    </ClCompile>
    <ClCompile Include="microcontroller.cpp">
      <Filter>Source Files</Filter>
    </ClCompile>
    <ClCompile Include="PedidoMesa.cpp">
      <Filter>Source Files</Filter>
    </ClCompile>
    <ClCompile Include="Plato.cpp">
      <Filter>Source Files</Filter>
    </ClCompile>
    <ClCompile Include="Producto.cpp">
      <Filter>Source Files</Filter>
    </ClCompile>
    <ClCompile Include="Usuario.cpp">
      <Filter>Source Files</Filter>
    </ClCompile>
    <ClCompile Include="ProductoPedido.cpp">
      <Filter>Source Files</Filter>
    </ClCompile>
    <ClCompile Include="OrdenMesa.cpp">
      <Filter>Source Files</Filter>
    </ClCompile>
  </ItemGroup>
  <ItemGroup>
    <ClInclude Include="Asistente.h">
      <Filter>Header Files</Filter>
    </ClInclude>
    <ClInclude Include="Bebida.h">
      <Filter>Header Files</Filter>
    </ClInclude>
    <ClInclude Include="Chef.h">
      <Filter>Header Files</Filter>
    </ClInclude>
    <ClInclude Include="Comensal.h">
      <Filter>Header Files</Filter>
    </ClInclude>
    <ClInclude Include="Gerente.h">
      <Filter>Header Files</Filter>
    </ClInclude>
    <ClInclude Include="microcontroller.h">
      <Filter>Header Files</Filter>
    </ClInclude>
    <ClInclude Include="PedidoMesa.h">
      <Filter>Header Files</Filter>
    </ClInclude>
    <ClInclude Include="Plato.h">
      <Filter>Header Files</Filter>
    </ClInclude>
    <ClInclude Include="Producto.h">
      <Filter>Header Files</Filter>
    </ClInclude>
    <ClInclude Include="Usuario.h">
      <Filter>Header Files</Filter>
    </ClInclude>
    <ClInclude Include="ProductoPedido.h">
      <Filter>Header Files</Filter>
    </ClInclude>
    <ClInclude Include="OrdenMesa.h">
      <Filter>Header Files</Filter>
    </ClInclude>
  </ItemGroup>
</Project>